
Microsoft Visual Studio Solution File, Format Version 12.00
# Visual Studio 14
VisualStudioVersion = 14.0.24720.0
MinimumVisualStudioVersion = 10.0.40219.1
Project("{FAE04EC0-301F-11D3-BF4B-00C04F79EFBC}") = "ThinkingSpace", "ThinkingSpace\ThinkingSpace.csproj", "{1DCF226B-D0FC-460D-A949-824EC7A6636F}"
EndProject
Project("{FAE04EC0-301F-11D3-BF4B-00C04F79EFBC}") = "IDAL", "IDAL\IDAL.csproj", "{B2CBAD17-0C0E-47F0-B50F-FB94E9C83F0F}"
EndProject
Project("{FAE04EC0-301F-11D3-BF4B-00C04F79EFBC}") = "DAL", "DAL\DAL.csproj", "{E49A9510-A8A8-4A27-93AE-E21616490DE5}"
EndProject
Project("{FAE04EC0-301F-11D3-BF4B-00C04F79EFBC}") = "DALFactory", "DALFactory\DALFactory.csproj", "{ABE613AA-7457-486E-BCDB-104AFAE809BF}"
EndProject
Project("{FAE04EC0-301F-11D3-BF4B-00C04F79EFBC}") = "BLL", "BLL\BLL.csproj", "{85B34362-B1F5-4015-8591-9456293A47E8}"
EndProject
Project("{FAE04EC0-301F-11D3-BF4B-00C04F79EFBC}") = "IBLL", "IBLL\IBLL.csproj", "{D0425E90-CD32-49CE-8306-B80B634F6C8B}"
EndProject
Project("{FAE04EC0-301F-11D3-BF4B-00C04F79EFBC}") = "Model", "Model\Model.csproj", "{8696AF99-3C43-489F-9B2D-C81FB60C6A26}"
EndProject
Global
	GlobalSection(SolutionConfigurationPlatforms) = preSolution
		Debug|Any CPU = Debug|Any CPU
		Release|Any CPU = Release|Any CPU
	EndGlobalSection
	GlobalSection(ProjectConfigurationPlatforms) = postSolution
		{1DCF226B-D0FC-460D-A949-824EC7A6636F}.Debug|Any CPU.ActiveCfg = Debug|Any CPU
		{1DCF226B-D0FC-460D-A949-824EC7A6636F}.Debug|Any CPU.Build.0 = Debug|Any CPU
		{1DCF226B-D0FC-460D-A949-824EC7A6636F}.Release|Any CPU.ActiveCfg = Release|Any CPU
		{1DCF226B-D0FC-460D-A949-824EC7A6636F}.Release|Any CPU.Build.0 = Release|Any CPU
		{B2CBAD17-0C0E-47F0-B50F-FB94E9C83F0F}.Debug|Any CPU.ActiveCfg = Debug|Any CPU
		{B2CBAD17-0C0E-47F0-B50F-FB94E9C83F0F}.Debug|Any CPU.Build.0 = Debug|Any CPU
		{B2CBAD17-0C0E-47F0-B50F-FB94E9C83F0F}.Release|Any CPU.ActiveCfg = Release|Any CPU
		{B2CBAD17-0C0E-47F0-B50F-FB94E9C83F0F}.Release|Any CPU.Build.0 = Release|Any CPU
		{E49A9510-A8A8-4A27-93AE-E21616490DE5}.Debug|Any CPU.ActiveCfg = Debug|Any CPU
		{E49A9510-A8A8-4A27-93AE-E21616490DE5}.Debug|Any CPU.Build.0 = Debug|Any CPU
		{E49A9510-A8A8-4A27-93AE-E21616490DE5}.Release|Any CPU.ActiveCfg = Release|Any CPU
		{E49A9510-A8A8-4A27-93AE-E21616490DE5}.Release|Any CPU.Build.0 = Release|Any CPU
		{ABE613AA-7457-486E-BCDB-104AFAE809BF}.Debug|Any CPU.ActiveCfg = Debug|Any CPU
		{ABE613AA-7457-486E-BCDB-104AFAE809BF}.Debug|Any CPU.Build.0 = Debug|Any CPU
		{ABE613AA-7457-486E-BCDB-104AFAE809BF}.Release|Any CPU.ActiveCfg = Release|Any CPU
		{ABE613AA-7457-486E-BCDB-104AFAE809BF}.Release|Any CPU.Build.0 = Release|Any CPU
		{85B34362-B1F5-4015-8591-9456293A47E8}.Debug|Any CPU.ActiveCfg = Debug|Any CPU
		{85B34362-B1F5-4015-8591-9456293A47E8}.Debug|Any CPU.Build.0 = Debug|Any CPU
		{85B34362-B1F5-4015-8591-9456293A47E8}.Release|Any CPU.ActiveCfg = Release|Any CPU
		{85B34362-B1F5-4015-8591-9456293A47E8}.Release|Any CPU.Build.0 = Release|Any CPU
		{D0425E90-CD32-49CE-8306-B80B634F6C8B}.Debug|Any CPU.ActiveCfg = Debug|Any CPU
		{D0425E90-CD32-49CE-8306-B80B634F6C8B}.Debug|Any CPU.Build.0 = Debug|Any CPU
		{D0425E90-CD32-49CE-8306-B80B634F6C8B}.Release|Any CPU.ActiveCfg = Release|Any CPU
		{D0425E90-CD32-49CE-8306-B80B634F6C8B}.Release|Any CPU.Build.0 = Release|Any CPU
		{8696AF99-3C43-489F-9B2D-C81FB60C6A26}.Debug|Any CPU.ActiveCfg = Debug|Any CPU
		{8696AF99-3C43-489F-9B2D-C81FB60C6A26}.Debug|Any CPU.Build.0 = Debug|Any CPU
		{8696AF99-3C43-489F-9B2D-C81FB60C6A26}.Release|Any CPU.ActiveCfg = Release|Any CPU
		{8696AF99-3C43-489F-9B2D-C81FB60C6A26}.Release|Any CPU.Build.0 = Release|Any CPU
	EndGlobalSection
	GlobalSection(SolutionProperties) = preSolution
		HideSolutionNode = FALSE
	EndGlobalSection
EndGlobal
